{
  "nodes": {
    "gen-algebra": {
      "locked": {
        "lastModified": 1779949157,
        "narHash": "sha256-Lus/dMa/CjERJMySG12RDArQKW4G3A6X/UQUi7KNWfA=",
        "owner": "sini",
        "repo": "gen-algebra",
        "rev": "dd682674edad388c439c6f2b08f84c31feec1b68",
        "type": "github"
      },
      "original": {
        "owner": "sini",
        "repo": "gen-algebra",
        "type": "github"
      }
    },
    "gen-algebra_2": {
      "locked": {
        "lastModified": 1779816786,
        "narHash": "sha256-FzyAReCRt009sv2+Rl3LmtN7av1UZgQQR2n2BiefgJ4=",
        "owner": "sini",
        "repo": "gen-algebra",
        "rev": "86f2a80d267d747c826b6ba45cb2fff5c0a55365",
        "type": "github"
      },
      "original": {
        "owner": "sini",
        "repo": "gen-algebra",
        "type": "github"
      }
    },
    "gen-algebra_3": {
      "locked": {
        "lastModified": 1779816786,
        "narHash": "sha256-FzyAReCRt009sv2+Rl3LmtN7av1UZgQQR2n2BiefgJ4=",
        "owner": "sini",
        "repo": "gen-algebra",
        "rev": "86f2a80d267d747c826b6ba45cb2fff5c0a55365",
        "type": "github"
      },
      "original": {
        "owner": "sini",
        "repo": "gen-algebra",
        "type": "github"
      }
    },
    "gen-bind": {
      "inputs": {
        "nixpkgs": "nixpkgs"
      },
      "locked": {
        "lastModified": 1779949162,
        "narHash": "sha256-on0BFZb6DXq4wkRugcKY+Bgj9OToTGcSevufQ1L6ij0=",
        "owner": "sini",
        "repo": "gen-bind",
        "rev": "156cdff2ab05d3b1005e358c73d5935f9b651f04",
        "type": "github"
      },
      "original": {
        "owner": "sini",
        "repo": "gen-bind",
        "type": "github"
      }
    },
    "gen-derive": {
      "inputs": {
        "gen-algebra": "gen-algebra_2",
        "nixpkgs": "nixpkgs_2"
      },
      "locked": {
        "lastModified": 1779949161,
        "narHash": "sha256-yq/KLyhviJPOx8O32mcl0PE+MPFXz1BN0eZx5SUBOVs=",
        "owner": "sini",
        "repo": "gen-derive",
        "rev": "3df66f1ac275fd6b315790b177364632151fb830",
        "type": "github"
      },
      "original": {
        "owner": "sini",
        "repo": "gen-derive",
        "type": "github"
      }
    },
    "gen-graph": {
      "inputs": {
        "nixpkgs": "nixpkgs_3"
      },
      "locked": {
        "lastModified": 1779949164,
        "narHash": "sha256-JEXozZhTYp1akulR1QeYP+fXWjCm2q3pS4Hd2cRBwu4=",
        "owner": "sini",
        "repo": "gen-graph",
        "rev": "ad7cc65eaf7663ddcf09ae1b35f5ff7cf2944f07",
        "type": "github"
      },
      "original": {
        "owner": "sini",
        "repo": "gen-graph",
        "type": "github"
      }
    },
    "gen-schema": {
      "inputs": {
        "nixpkgs": "nixpkgs_4"
      },
      "locked": {
        "lastModified": 1779960080,
        "narHash": "sha256-HOMl7e5p8JKuI6TKC7+GWXoBYDiQYxbVvG/BiZKn69g=",
        "owner": "sini",
        "repo": "gen-schema",
        "rev": "a988a7114037b04702462f97faeacbd9e894f522",
        "type": "github"
      },
      "original": {
        "owner": "sini",
        "repo": "gen-schema",
        "type": "github"
      }
    },
    "gen-scope": {
      "locked": {
        "lastModified": 1779949165,
        "narHash": "sha256-oHfxfNTp3Fa+GpAujSS5r2d8pBRVjfNb4BKn1Xb8CJg=",
        "owner": "sini",
        "repo": "gen-scope",
        "rev": "be838dd568464bc0c1b55b3cf780b0192ae14288",
        "type": "github"
      },
      "original": {
        "owner": "sini",
        "repo": "gen-scope",
        "type": "github"
      }
    },
    "gen-select": {
      "inputs": {
        "gen-algebra": "gen-algebra_3",
        "nixpkgs": "nixpkgs_5"
      },
      "locked": {
        "lastModified": 1779949160,
        "narHash": "sha256-Tn6yPSdggyu+H8CaLFZdHGGaDLT2Ro8xiTG8WHMBzHw=",
        "owner": "sini",
        "repo": "gen-select",
        "rev": "7a03286069c1e921021eb82c23ba53ffb9b8023e",
        "type": "github"
      },
      "original": {
        "owner": "sini",
        "repo": "gen-select",
        "type": "github"
      }
    },
    "nixpkgs": {
      "locked": {
        "lastModified": 1779560665,
        "narHash": "sha256-tpyBcxPpcQb8ukyNF7DoCwfSY3VPsxHoYwj00Cayv5o=",
        "owner": "NixOS",
        "repo": "nixpkgs",
        "rev": "64c08a7ca051951c8eae34e3e3cb1e202fe36786",
        "type": "github"
      },
      "original": {
        "owner": "NixOS",
        "ref": "nixos-unstable",
        "repo": "nixpkgs",
        "type": "github"
      }
    },
    "nixpkgs_2": {
      "locked": {
        "lastModified": 1779560665,
        "narHash": "sha256-tpyBcxPpcQb8ukyNF7DoCwfSY3VPsxHoYwj00Cayv5o=",
        "owner": "NixOS",
        "repo": "nixpkgs",
        "rev": "64c08a7ca051951c8eae34e3e3cb1e202fe36786",
        "type": "github"
      },
      "original": {
        "owner": "NixOS",
        "ref": "nixos-unstable",
        "repo": "nixpkgs",
        "type": "github"
      }
    },
    "nixpkgs_3": {
      "locked": {
        "lastModified": 1779560665,
        "narHash": "sha256-tpyBcxPpcQb8ukyNF7DoCwfSY3VPsxHoYwj00Cayv5o=",
        "owner": "NixOS",
        "repo": "nixpkgs",
        "rev": "64c08a7ca051951c8eae34e3e3cb1e202fe36786",
        "type": "github"
      },
      "original": {
        "owner": "NixOS",
        "ref": "nixos-unstable",
        "repo": "nixpkgs",
        "type": "github"
      }
    },
    "nixpkgs_4": {
      "locked": {
        "lastModified": 1778869304,
        "narHash": "sha256-30sZNZoA1cqF5JNO9fVX+wgiQYjB7HJqqJ4ztCDeBZE=",
        "owner": "NixOS",
        "repo": "nixpkgs",
        "rev": "d233902339c02a9c334e7e593de68855ad26c4cb",
        "type": "github"
      },
      "original": {
        "owner": "NixOS",
        "ref": "nixos-unstable",
        "repo": "nixpkgs",
        "type": "github"
      }
    },
    "nixpkgs_5": {
      "locked": {
        "lastModified": 1779560665,
        "narHash": "sha256-tpyBcxPpcQb8ukyNF7DoCwfSY3VPsxHoYwj00Cayv5o=",
        "owner": "NixOS",
        "repo": "nixpkgs",
        "rev": "64c08a7ca051951c8eae34e3e3cb1e202fe36786",
        "type": "github"
      },
      "original": {
        "owner": "NixOS",
        "ref": "nixos-unstable",
        "repo": "nixpkgs",
        "type": "github"
      }
    },
    "nixpkgs_6": {
      "locked": {
        "lastModified": 1779560665,
        "narHash": "sha256-tpyBcxPpcQb8ukyNF7DoCwfSY3VPsxHoYwj00Cayv5o=",
        "owner": "NixOS",
        "repo": "nixpkgs",
        "rev": "64c08a7ca051951c8eae34e3e3cb1e202fe36786",
        "type": "github"
      },
      "original": {
        "owner": "NixOS",
        "ref": "nixos-unstable",
        "repo": "nixpkgs",
        "type": "github"
      }
    },
    "root": {
      "inputs": {
        "gen-algebra": "gen-algebra",
        "gen-bind": "gen-bind",
        "gen-derive": "gen-derive",
        "gen-graph": "gen-graph",
        "gen-schema": "gen-schema",
        "gen-scope": "gen-scope",
        "gen-select": "gen-select",
        "nixpkgs": "nixpkgs_6"
      }
    }
  },
  "root": "root",
  "version": 7
}
