{
  "nodes": {
    "gen-algebra": {
      "locked": {
        "lastModified": 1779816786,
        "narHash": "sha256-FzyAReCRt009sv2+Rl3LmtN7av1UZgQQR2n2BiefgJ4=",
        "owner": "sini",
        "repo": "gen-algebra",
        "rev": "86f2a80d267d747c826b6ba45cb2fff5c0a55365",
        "type": "github"
      },
      "original": {
        "owner": "sini",
        "repo": "gen-algebra",
        "type": "github"
      }
    },
    "gen-aspects": {
      "locked": {
        "lastModified": 1779680979,
        "narHash": "sha256-dQLFl+DsH7TBVndJx1Cdjgwpuns6gesTzktQBMr0naU=",
        "owner": "sini",
        "repo": "gen-aspects",
        "rev": "fbf88dd82a3a1610c8045ad0e249bee8e8d275df",
        "type": "github"
      },
      "original": {
        "owner": "sini",
        "repo": "gen-aspects",
        "type": "github"
      }
    },
    "gen-graph": {
      "inputs": {
        "nixpkgs": "nixpkgs"
      },
      "locked": {
        "lastModified": 1779682980,
        "narHash": "sha256-TUE0dUCMOr18etJ5x+HDRIjxyRie62jIKRO7LADw0Oc=",
        "owner": "sini",
        "repo": "gen-graph",
        "rev": "98fc091684093fb0d018ed0ddada8313270c1945",
        "type": "github"
      },
      "original": {
        "owner": "sini",
        "repo": "gen-graph",
        "type": "github"
      }
    },
    "gen-schema": {
      "inputs": {
        "nixpkgs": "nixpkgs_2"
      },
      "locked": {
        "lastModified": 1779960080,
        "narHash": "sha256-HOMl7e5p8JKuI6TKC7+GWXoBYDiQYxbVvG/BiZKn69g=",
        "owner": "sini",
        "repo": "gen-schema",
        "rev": "a988a7114037b04702462f97faeacbd9e894f522",
        "type": "github"
      },
      "original": {
        "owner": "sini",
        "repo": "gen-schema",
        "type": "github"
      }
    },
    "gen-scope": {
      "locked": {
        "lastModified": 1779682975,
        "narHash": "sha256-Xki8XVXDI9RADEmveeWDGCgpnkuXnRINc0eZvt/rFyg=",
        "owner": "sini",
        "repo": "gen-scope",
        "rev": "9c28e5612c5bf562c673748620c87be259e9d81a",
        "type": "github"
      },
      "original": {
        "owner": "sini",
        "repo": "gen-scope",
        "type": "github"
      }
    },
    "nixpkgs": {
      "locked": {
        "lastModified": 1779508470,
        "narHash": "sha256-Ap9KJX+5xHIn3bPIpfNgT6MEXdAECECwo4/rmlQD74M=",
        "owner": "NixOS",
        "repo": "nixpkgs",
        "rev": "29916453413845e54a65b8a1cf996842300cd299",
        "type": "github"
      },
      "original": {
        "owner": "NixOS",
        "ref": "nixos-unstable",
        "repo": "nixpkgs",
        "type": "github"
      }
    },
    "nixpkgs_2": {
      "locked": {
        "lastModified": 1778869304,
        "narHash": "sha256-30sZNZoA1cqF5JNO9fVX+wgiQYjB7HJqqJ4ztCDeBZE=",
        "owner": "NixOS",
        "repo": "nixpkgs",
        "rev": "d233902339c02a9c334e7e593de68855ad26c4cb",
        "type": "github"
      },
      "original": {
        "owner": "NixOS",
        "ref": "nixos-unstable",
        "repo": "nixpkgs",
        "type": "github"
      }
    },
    "nixpkgs_3": {
      "locked": {
        "lastModified": 1779508470,
        "narHash": "sha256-Ap9KJX+5xHIn3bPIpfNgT6MEXdAECECwo4/rmlQD74M=",
        "owner": "NixOS",
        "repo": "nixpkgs",
        "rev": "29916453413845e54a65b8a1cf996842300cd299",
        "type": "github"
      },
      "original": {
        "owner": "NixOS",
        "ref": "nixos-unstable",
        "repo": "nixpkgs",
        "type": "github"
      }
    },
    "root": {
      "inputs": {
        "gen-algebra": "gen-algebra",
        "gen-aspects": "gen-aspects",
        "gen-graph": "gen-graph",
        "gen-schema": "gen-schema",
        "gen-scope": "gen-scope",
        "nixpkgs": "nixpkgs_3"
      }
    }
  },
  "root": "root",
  "version": 7
}
